// !$*UTF8*$!
{
	archiveVersion = 1;
	classes = {
	};
	objectVersion = 46;
	objects = {

/* Begin PBXBuildFile section */
		9803B3E51507377300384AAB /* Mailbox.png in Resources */ = {isa = PBXBuildFile; fileRef = 9803B3E41507377300384AAB /* Mailbox.png */; };
		9803B3F015073F7700384AAB /* QuartzCore.framework in Frameworks */ = {isa = PBXBuildFile; fileRef = 9803B3EF15073F7700384AAB /* QuartzCore.framework */; };
		98B3E68B1506EEC000CB7D9C /* UIKit.framework in Frameworks */ = {isa = PBXBuildFile; fileRef = 98B3E68A1506EEC000CB7D9C /* UIKit.framework */; };
		98B3E68D1506EEC000CB7D9C /* Foundation.framework in Frameworks */ = {isa = PBXBuildFile; fileRef = 98B3E68C1506EEC000CB7D9C /* Foundation.framework */; };
		98B3E68F1506EEC000CB7D9C /* CoreGraphics.framework in Frameworks */ = {isa = PBXBuildFile; fileRef = 98B3E68E1506EEC000CB7D9C /* CoreGraphics.framework */; };
		98B3E6951506EEC000CB7D9C /* InfoPlist.strings in Resources */ = {isa = PBXBuildFile; fileRef = 98B3E6931506EEC000CB7D9C /* InfoPlist.strings */; };
		98B3E6971506EEC000CB7D9C /* main.m in Sources */ = {isa = PBXBuildFile; fileRef = 98B3E6961506EEC000CB7D9C /* main.m */; };
		98B3E69B1506EEC000CB7D9C /* ButtonAppDelegate.m in Sources */ = {isa = PBXBuildFile; fileRef = 98B3E69A1506EEC000CB7D9C /* ButtonAppDelegate.m */; };
		98B3E69E1506EEC000CB7D9C /* MainStoryboard.storyboard in Resources */ = {isa = PBXBuildFile; fileRef = 98B3E69C1506EEC000CB7D9C /* MainStoryboard.storyboard */; };
		98B3E6A11506EEC000CB7D9C /* ButtonViewController.m in Sources */ = {isa = PBXBuildFile; fileRef = 98B3E6A01506EEC000CB7D9C /* ButtonViewController.m */; };
/* End PBXBuildFile section */

/* Begin PBXFileReference section */
		9803B3E41507377300384AAB /* Mailbox.png */ = {isa = PBXFileReference; lastKnownFileType = image.png; path = Mailbox.png; sourceTree = "<group>"; };
		9803B3EF15073F7700384AAB /* QuartzCore.framework */ = {isa = PBXFileReference; lastKnownFileType = wrapper.framework; name = QuartzCore.framework; path = System/Library/Frameworks/QuartzCore.framework; sourceTree = SDKROOT; };
		98B3E6861506EEC000CB7D9C /* Button.app */ = {isa = PBXFileReference; explicitFileType = wrapper.application; includeInIndex = 0; path = Button.app; sourceTree = BUILT_PRODUCTS_DIR; };
		98B3E68A1506EEC000CB7D9C /* UIKit.framework */ = {isa = PBXFileReference; lastKnownFileType = wrapper.framework; name = UIKit.framework; path = System/Library/Frameworks/UIKit.framework; sourceTree = SDKROOT; };
		98B3E68C1506EEC000CB7D9C /* Foundation.framework */ = {isa = PBXFileReference; lastKnownFileType = wrapper.framework; name = Foundation.framework; path = System/Library/Frameworks/Foundation.framework; sourceTree = SDKROOT; };
		98B3E68E1506EEC000CB7D9C /* CoreGraphics.framework */ = {isa = PBXFileReference; lastKnownFileType = wrapper.framework; name = CoreGraphics.framework; path = System/Library/Frameworks/CoreGraphics.framework; sourceTree = SDKROOT; };
		98B3E6921506EEC000CB7D9C /* Button-Info.plist */ = {isa = PBXFileReference; lastKnownFileType = text.plist.xml; path = "Button-Info.plist"; sourceTree = "<group>"; };
		98B3E6941506EEC000CB7D9C /* en */ = {isa = PBXFileReference; lastKnownFileType = text.plist.strings; name = en; path = en.lproj/InfoPlist.strings; sourceTree = "<group>"; };
		98B3E6961506EEC000CB7D9C /* main.m */ = {isa = PBXFileReference; lastKnownFileType = sourcecode.c.objc; path = main.m; sourceTree = "<group>"; };
		98B3E6981506EEC000CB7D9C /* Button-Prefix.pch */ = {isa = PBXFileReference; lastKnownFileType = sourcecode.c.h; path = "Button-Prefix.pch"; sourceTree = "<group>"; };
		98B3E6991506EEC000CB7D9C /* ButtonAppDelegate.h */ = {isa = PBXFileReference; lastKnownFileType = sourcecode.c.h; path = ButtonAppDelegate.h; sourceTree = "<group>"; };
		98B3E69A1506EEC000CB7D9C /* ButtonAppDelegate.m */ = {isa = PBXFileReference; lastKnownFileType = sourcecode.c.objc; path = ButtonAppDelegate.m; sourceTree = "<group>"; };
		98B3E69D1506EEC000CB7D9C /* en */ = {isa = PBXFileReference; lastKnownFileType = file.storyboard; name = en; path = en.lproj/MainStoryboard.storyboard; sourceTree = "<group>"; };
		98B3E69F1506EEC000CB7D9C /* ButtonViewController.h */ = {isa = PBXFileReference; lastKnownFileType = sourcecode.c.h; path = ButtonViewController.h; sourceTree = "<group>"; };
		98B3E6A01506EEC000CB7D9C /* ButtonViewController.m */ = {isa = PBXFileReference; lastKnownFileType = sourcecode.c.objc; path = ButtonViewController.m; sourceTree = "<group>"; };
/* End PBXFileReference section */

/* Begin PBXFrameworksBuildPhase section */
		98B3E6831506EEC000CB7D9C /* Frameworks */ = {
			isa = PBXFrameworksBuildPhase;
			buildActionMask = 2147483647;
			files = (
				9803B3F015073F7700384AAB /* QuartzCore.framework in Frameworks */,
				98B3E68B1506EEC000CB7D9C /* UIKit.framework in Frameworks */,
				98B3E68D1506EEC000CB7D9C /* Foundation.framework in Frameworks */,
				98B3E68F1506EEC000CB7D9C /* CoreGraphics.framework in Frameworks */,
			);
			runOnlyForDeploymentPostprocessing = 0;
		};
/* End PBXFrameworksBuildPhase section */

/* Begin PBXGroup section */
		98B3E67B1506EEC000CB7D9C = {
			isa = PBXGroup;
			children = (
				9803B3E41507377300384AAB /* Mailbox.png */,
				98B3E6901506EEC000CB7D9C /* Button */,
				98B3E6891506EEC000CB7D9C /* Frameworks */,
				98B3E6871506EEC000CB7D9C /* Products */,
			);
			sourceTree = "<group>";
		};
		98B3E6871506EEC000CB7D9C /* Products */ = {
			isa = PBXGroup;
			children = (
				98B3E6861506EEC000CB7D9C /* Button.app */,
			);
			name = Products;
			sourceTree = "<group>";
		};
		98B3E6891506EEC000CB7D9C /* Frameworks */ = {
			isa = PBXGroup;
			children = (
				9803B3EF15073F7700384AAB /* QuartzCore.framework */,
				98B3E68A1506EEC000CB7D9C /* UIKit.framework */,
				98B3E68C1506EEC000CB7D9C /* Foundation.framework */,
				98B3E68E1506EEC000CB7D9C /* CoreGraphics.framework */,
			);
			name = Frameworks;
			sourceTree = "<group>";
		};
		98B3E6901506EEC000CB7D9C /* Button */ = {
			isa = PBXGroup;
			children = (
				98B3E6991506EEC000CB7D9C /* ButtonAppDelegate.h */,
				98B3E69A1506EEC000CB7D9C /* ButtonAppDelegate.m */,
				98B3E69C1506EEC000CB7D9C /* MainStoryboard.storyboard */,
				98B3E69F1506EEC000CB7D9C /* ButtonViewController.h */,
				98B3E6A01506EEC000CB7D9C /* ButtonViewController.m */,
				98B3E6911506EEC000CB7D9C /* Supporting Files */,
			);
			path = Button;
			sourceTree = "<group>";
		};
		98B3E6911506EEC000CB7D9C /* Supporting Files */ = {
			isa = PBXGroup;
			children = (
				98B3E6921506EEC000CB7D9C /* Button-Info.plist */,
				98B3E6931506EEC000CB7D9C /* InfoPlist.strings */,
				98B3E6961506EEC000CB7D9C /* main.m */,
				98B3E6981506EEC000CB7D9C /* Button-Prefix.pch */,
			);
			name = "Supporting Files";
			sourceTree = "<group>";
		};
/* End PBXGroup section */

/* Begin PBXNativeTarget section */
		98B3E6851506EEC000CB7D9C /* Button */ = {
			isa = PBXNativeTarget;
			buildConfigurationList = 98B3E6A41506EEC000CB7D9C /* Build configuration list for PBXNativeTarget "Button" */;
			buildPhases = (
				98B3E6821506EEC000CB7D9C /* Sources */,
				98B3E6831506EEC000CB7D9C /* Frameworks */,
				98B3E6841506EEC000CB7D9C /* Resources */,
			);
			buildRules = (
			);
			dependencies = (
			);
			name = Button;
			productName = Button;
			productReference = 98B3E6861506EEC000CB7D9C /* Button.app */;
			productType = "com.apple.product-type.application";
		};
/* End PBXNativeTarget section */

/* Begin PBXProject section */
		98B3E67D1506EEC000CB7D9C /* Project object */ = {
			isa = PBXProject;
			attributes = {
				LastUpgradeCheck = 0420;
			};
			buildConfigurationList = 98B3E6801506EEC000CB7D9C /* Build configuration list for PBXProject "Button" */;
			compatibilityVersion = "Xcode 3.2";
			developmentRegion = English;
			hasScannedForEncodings = 0;
			knownRegions = (
				en,
			);
			mainGroup = 98B3E67B1506EEC000CB7D9C;
			productRefGroup = 98B3E6871506EEC000CB7D9C /* Products */;
			projectDirPath = "";
			projectRoot = "";
			targets = (
				98B3E6851506EEC000CB7D9C /* Button */,
			);
		};
/* End PBXProject section */

/* Begin PBXResourcesBuildPhase section */
		98B3E6841506EEC000CB7D9C /* Resources */ = {
			isa = PBXResourcesBuildPhase;
			buildActionMask = 2147483647;
			files = (
				98B3E6951506EEC000CB7D9C /* InfoPlist.strings in Resources */,
				98B3E69E1506EEC000CB7D9C /* MainStoryboard.storyboard in Resources */,
				9803B3E51507377300384AAB /* Mailbox.png in Resources */,
			);
			runOnlyForDeploymentPostprocessing = 0;
		};
/* End PBXResourcesBuildPhase section */

/* Begin PBXSourcesBuildPhase section */
		98B3E6821506EEC000CB7D9C /* Sources */ = {
			isa = PBXSourcesBuildPhase;
			buildActionMask = 2147483647;
			files = (
				98B3E6971506EEC000CB7D9C /* main.m in Sources */,
				98B3E69B1506EEC000CB7D9C /* ButtonAppDelegate.m in Sources */,
				98B3E6A11506EEC000CB7D9C /* ButtonViewController.m in Sources */,
			);
			runOnlyForDeploymentPostprocessing = 0;
		};
/* End PBXSourcesBuildPhase section */

/* Begin PBXVariantGroup section */
		98B3E6931506EEC000CB7D9C /* InfoPlist.strings */ = {
			isa = PBXVariantGroup;
			children = (
				98B3E6941506EEC000CB7D9C /* en */,
			);
			name = InfoPlist.strings;
			sourceTree = "<group>";
		};
		98B3E69C1506EEC000CB7D9C /* MainStoryboard.storyboard */ = {
			isa = PBXVariantGroup;
			children = (
				98B3E69D1506EEC000CB7D9C /* en */,
			);
			name = MainStoryboard.storyboard;
			sourceTree = "<group>";
		};
/* End PBXVariantGroup section */

/* Begin XCBuildConfiguration section */
		98B3E6A21506EEC000CB7D9C /* Debug */ = {
			isa = XCBuildConfiguration;
			buildSettings = {
				ALWAYS_SEARCH_USER_PATHS = NO;
				ARCHS = "$(ARCHS_STANDARD_32_BIT)";
				CLANG_ENABLE_OBJC_ARC = YES;
				"CODE_SIGN_IDENTITY[sdk=iphoneos*]" = "iPhone Developer";
				COPY_PHASE_STRIP = NO;
				GCC_C_LANGUAGE_STANDARD = gnu99;
				GCC_DYNAMIC_NO_PIC = NO;
				GCC_OPTIMIZATION_LEVEL = 0;
				GCC_PREPROCESSOR_DEFINITIONS = (
					"DEBUG=1",
					"$(inherited)",
				);
				GCC_SYMBOLS_PRIVATE_EXTERN = NO;
				GCC_VERSION = com.apple.compilers.llvm.clang.1_0;
				GCC_WARN_ABOUT_MISSING_PROTOTYPES = YES;
				GCC_WARN_ABOUT_RETURN_TYPE = YES;
				GCC_WARN_UNUSED_VARIABLE = YES;
				IPHONEOS_DEPLOYMENT_TARGET = 5.0;
				SDKROOT = iphoneos;
			};
			name = Debug;
		};
		98B3E6A31506EEC000CB7D9C /* Release */ = {
			isa = XCBuildConfiguration;
			buildSettings = {
				ALWAYS_SEARCH_USER_PATHS = NO;
				ARCHS = "$(ARCHS_STANDARD_32_BIT)";
				CLANG_ENABLE_OBJC_ARC = YES;
				"CODE_SIGN_IDENTITY[sdk=iphoneos*]" = "iPhone Developer";
				COPY_PHASE_STRIP = YES;
				GCC_C_LANGUAGE_STANDARD = gnu99;
				GCC_VERSION = com.apple.compilers.llvm.clang.1_0;
				GCC_WARN_ABOUT_MISSING_PROTOTYPES = YES;
				GCC_WARN_ABOUT_RETURN_TYPE = YES;
				GCC_WARN_UNUSED_VARIABLE = YES;
				IPHONEOS_DEPLOYMENT_TARGET = 5.0;
				OTHER_CFLAGS = "-DNS_BLOCK_ASSERTIONS=1";
				SDKROOT = iphoneos;
				VALIDATE_PRODUCT = YES;
			};
			name = Release;
		};
		98B3E6A51506EEC000CB7D9C /* Debug */ = {
			isa = XCBuildConfiguration;
			buildSettings = {
				GCC_PRECOMPILE_PREFIX_HEADER = YES;
				GCC_PREFIX_HEADER = "Button/Button-Prefix.pch";
				INFOPLIST_FILE = "Button/Button-Info.plist";
				PRODUCT_NAME = "$(TARGET_NAME)";
				WRAPPER_EXTENSION = app;
			};
			name = Debug;
		};
		98B3E6A61506EEC000CB7D9C /* Release */ = {
			isa = XCBuildConfiguration;
			buildSettings = {
				GCC_PRECOMPILE_PREFIX_HEADER = YES;
				GCC_PREFIX_HEADER = "Button/Button-Prefix.pch";
				INFOPLIST_FILE = "Button/Button-Info.plist";
				PRODUCT_NAME = "$(TARGET_NAME)";
				WRAPPER_EXTENSION = app;
			};
			name = Release;
		};
/* End XCBuildConfiguration section */

/* Begin XCConfigurationList section */
		98B3E6801506EEC000CB7D9C /* Build configuration list for PBXProject "Button" */ = {
			isa = XCConfigurationList;
			buildConfigurations = (
				98B3E6A21506EEC000CB7D9C /* Debug */,
				98B3E6A31506EEC000CB7D9C /* Release */,
			);
			defaultConfigurationIsVisible = 0;
			defaultConfigurationName = Release;
		};
		98B3E6A41506EEC000CB7D9C /* Build configuration list for PBXNativeTarget "Button" */ = {
			isa = XCConfigurationList;
			buildConfigurations = (
				98B3E6A51506EEC000CB7D9C /* Debug */,
				98B3E6A61506EEC000CB7D9C /* Release */,
			);
			defaultConfigurationIsVisible = 0;
			defaultConfigurationName = Release;
		};
/* End XCConfigurationList section */
	};
	rootObject = 98B3E67D1506EEC000CB7D9C /* Project object */;
}
